
Microsoft Visual Studio Solution File, Format Version 12.00
# Visual Studio Version 16
VisualStudioVersion = 16.0.29613.14
MinimumVisualStudioVersion = 10.0.40219.1
Project("{FAE04EC0-301F-11D3-BF4B-00C04F79EFBC}") = "PrGamesClient", "PrGamesClient\PrGamesClient.csproj", "{28048ACE-2593-49B4-86B2-2039F9567814}"
EndProject
Global
	GlobalSection(SolutionConfigurationPlatforms) = preSolution
		Debug|Any CPU = Debug|Any CPU
		Release|Any CPU = Release|Any CPU
	EndGlobalSection
	GlobalSection(ProjectConfigurationPlatforms) = postSolution
		{28048ACE-2593-49B4-86B2-2039F9567814}.Debug|Any CPU.ActiveCfg = Debug|Any CPU
		{28048ACE-2593-49B4-86B2-2039F9567814}.Debug|Any CPU.Build.0 = Debug|Any CPU
		{28048ACE-2593-49B4-86B2-2039F9567814}.Release|Any CPU.ActiveCfg = Release|Any CPU
		{28048ACE-2593-49B4-86B2-2039F9567814}.Release|Any CPU.Build.0 = Release|Any CPU
	EndGlobalSection
	GlobalSection(SolutionProperties) = preSolution
		HideSolutionNode = FALSE
	EndGlobalSection
	GlobalSection(ExtensibilityGlobals) = postSolution
		SolutionGuid = {2FE1240F-CD65-4FD0-AC3D-7C01059D9417}
	EndGlobalSection
EndGlobal
