
Microsoft Visual Studio Solution File, Format Version 12.00
# Visual Studio Version 16
VisualStudioVersion = 16.0.29613.14
MinimumVisualStudioVersion = 10.0.40219.1
Project("{FAE04EC0-301F-11D3-BF4B-00C04F79EFBC}") = "Server", "SocketApp\Server.csproj", "{C105682C-A58D-480A-A97C-EF3FA165F7F8}"
EndProject
Project("{FAE04EC0-301F-11D3-BF4B-00C04F79EFBC}") = "Client", "Client\Client.csproj", "{F111C871-0C9F-4178-9589-E688EC994F8D}"
EndProject
Project("{FAE04EC0-301F-11D3-BF4B-00C04F79EFBC}") = "ServerData", "ServerData\ServerData.csproj", "{B561B5BC-E617-4F8E-A199-74553E0B11FD}"
EndProject
Global
	GlobalSection(SolutionConfigurationPlatforms) = preSolution
		Debug|Any CPU = Debug|Any CPU
		Release|Any CPU = Release|Any CPU
	EndGlobalSection
	GlobalSection(ProjectConfigurationPlatforms) = postSolution
		{C105682C-A58D-480A-A97C-EF3FA165F7F8}.Debug|Any CPU.ActiveCfg = Debug|Any CPU
		{C105682C-A58D-480A-A97C-EF3FA165F7F8}.Debug|Any CPU.Build.0 = Debug|Any CPU
		{C105682C-A58D-480A-A97C-EF3FA165F7F8}.Release|Any CPU.ActiveCfg = Release|Any CPU
		{C105682C-A58D-480A-A97C-EF3FA165F7F8}.Release|Any CPU.Build.0 = Release|Any CPU
		{F111C871-0C9F-4178-9589-E688EC994F8D}.Debug|Any CPU.ActiveCfg = Debug|Any CPU
		{F111C871-0C9F-4178-9589-E688EC994F8D}.Debug|Any CPU.Build.0 = Debug|Any CPU
		{F111C871-0C9F-4178-9589-E688EC994F8D}.Release|Any CPU.ActiveCfg = Release|Any CPU
		{F111C871-0C9F-4178-9589-E688EC994F8D}.Release|Any CPU.Build.0 = Release|Any CPU
		{B561B5BC-E617-4F8E-A199-74553E0B11FD}.Debug|Any CPU.ActiveCfg = Debug|Any CPU
		{B561B5BC-E617-4F8E-A199-74553E0B11FD}.Debug|Any CPU.Build.0 = Debug|Any CPU
		{B561B5BC-E617-4F8E-A199-74553E0B11FD}.Release|Any CPU.ActiveCfg = Release|Any CPU
		{B561B5BC-E617-4F8E-A199-74553E0B11FD}.Release|Any CPU.Build.0 = Release|Any CPU
	EndGlobalSection
	GlobalSection(SolutionProperties) = preSolution
		HideSolutionNode = FALSE
	EndGlobalSection
	GlobalSection(ExtensibilityGlobals) = postSolution
		SolutionGuid = {0F19DCC0-6A4B-4F0A-9DB4-5DC200F1C6F2}
	EndGlobalSection
EndGlobal
